
Microsoft Visual Studio Solution File, Format Version 12.00
# Visual Studio Version 16
VisualStudioVersion = 16.0.30503.244
MinimumVisualStudioVersion = 10.0.40219.1
Project("{FAE04EC0-301F-11D3-BF4B-00C04F79EFBC}") = "Task_2", "Task_2\Task_2.csproj", "{C1E261FC-6487-4771-889A-7F36DA9318CB}"
EndProject
Global
	GlobalSection(SolutionConfigurationPlatforms) = preSolution
		Debug|Any CPU = Debug|Any CPU
		Release|Any CPU = Release|Any CPU
	EndGlobalSection
	GlobalSection(ProjectConfigurationPlatforms) = postSolution
		{C1E261FC-6487-4771-889A-7F36DA9318CB}.Debug|Any CPU.ActiveCfg = Debug|Any CPU
		{C1E261FC-6487-4771-889A-7F36DA9318CB}.Debug|Any CPU.Build.0 = Debug|Any CPU
		{C1E261FC-6487-4771-889A-7F36DA9318CB}.Release|Any CPU.ActiveCfg = Release|Any CPU
		{C1E261FC-6487-4771-889A-7F36DA9318CB}.Release|Any CPU.Build.0 = Release|Any CPU
	EndGlobalSection
	GlobalSection(SolutionProperties) = preSolution
		HideSolutionNode = FALSE
	EndGlobalSection
	GlobalSection(ExtensibilityGlobals) = postSolution
		SolutionGuid = {B42E5AFA-30D6-4085-95FD-5A57B7FC7DFF}
	EndGlobalSection
EndGlobal
